
Microsoft Visual Studio Solution File, Format Version 12.00
# Visual Studio 14
VisualStudioVersion = 14.0.25420.1
MinimumVisualStudioVersion = 10.0.40219.1
Project("{FAE04EC0-301F-11D3-BF4B-00C04F79EFBC}") = "MapsApp.Droid", "MapsApp\MapsApp.Droid\MapsApp.Droid.csproj", "{AC1AAAE1-1A4C-420C-96B8-994170131363}"
EndProject
Project("{FAE04EC0-301F-11D3-BF4B-00C04F79EFBC}") = "MapsApp.iOS", "MapsApp\MapsApp.iOS\MapsApp.iOS.csproj", "{D1EB545F-1005-4D89-9AF2-60FB8B6B6E5C}"
EndProject
Project("{FAE04EC0-301F-11D3-BF4B-00C04F79EFBC}") = "MapsApp.WinPhone", "MapsApp\MapsApp.WinPhone\MapsApp.WinPhone.csproj", "{9F693C61-3CB0-427D-9B53-D6E963CC2485}"
EndProject
Project("{FAE04EC0-301F-11D3-BF4B-00C04F79EFBC}") = "MapsApp.UWP", "MapsApp\MapsApp.UWP\MapsApp.UWP.csproj", "{987DBBF2-EA72-4658-B778-725F60257A57}"
EndProject
Project("{FAE04EC0-301F-11D3-BF4B-00C04F79EFBC}") = "MapsApp.Windows", "MapsApp\MapsApp.Windows\MapsApp.Windows.csproj", "{5E7DF005-2C3B-4A95-A336-82191F87B25B}"
EndProject
Project("{FAE04EC0-301F-11D3-BF4B-00C04F79EFBC}") = "MapsApp", "MapsApp\MapsApp\MapsApp.csproj", "{705D5E35-92C8-4D11-BD2D-2220F826EF54}"
EndProject
Global
	GlobalSection(SolutionConfigurationPlatforms) = preSolution
		Ad-Hoc|Any CPU = Ad-Hoc|Any CPU
		Ad-Hoc|ARM = Ad-Hoc|ARM
		Ad-Hoc|iPhone = Ad-Hoc|iPhone
		Ad-Hoc|iPhoneSimulator = Ad-Hoc|iPhoneSimulator
		Ad-Hoc|x64 = Ad-Hoc|x64
		Ad-Hoc|x86 = Ad-Hoc|x86
		AppStore|Any CPU = AppStore|Any CPU
		AppStore|ARM = AppStore|ARM
		AppStore|iPhone = AppStore|iPhone
		AppStore|iPhoneSimulator = AppStore|iPhoneSimulator
		AppStore|x64 = AppStore|x64
		AppStore|x86 = AppStore|x86
		Debug|Any CPU = Debug|Any CPU
		Debug|ARM = Debug|ARM
		Debug|iPhone = Debug|iPhone
		Debug|iPhoneSimulator = Debug|iPhoneSimulator
		Debug|x64 = Debug|x64
		Debug|x86 = Debug|x86
		Release|Any CPU = Release|Any CPU
		Release|ARM = Release|ARM
		Release|iPhone = Release|iPhone
		Release|iPhoneSimulator = Release|iPhoneSimulator
		Release|x64 = Release|x64
		Release|x86 = Release|x86
	EndGlobalSection
	GlobalSection(ProjectConfigurationPlatforms) = postSolution
		{AC1AAAE1-1A4C-420C-96B8-994170131363}.Ad-Hoc|Any CPU.ActiveCfg = Release|Any CPU
		{AC1AAAE1-1A4C-420C-96B8-994170131363}.Ad-Hoc|Any CPU.Build.0 = Release|Any CPU
		{AC1AAAE1-1A4C-420C-96B8-994170131363}.Ad-Hoc|Any CPU.Deploy.0 = Release|Any CPU
		{AC1AAAE1-1A4C-420C-96B8-994170131363}.Ad-Hoc|ARM.ActiveCfg = Release|Any CPU
		{AC1AAAE1-1A4C-420C-96B8-994170131363}.Ad-Hoc|ARM.Build.0 = Release|Any CPU
		{AC1AAAE1-1A4C-420C-96B8-994170131363}.Ad-Hoc|ARM.Deploy.0 = Release|Any CPU
		{AC1AAAE1-1A4C-420C-96B8-994170131363}.Ad-Hoc|iPhone.ActiveCfg = Release|Any CPU
		{AC1AAAE1-1A4C-420C-96B8-994170131363}.Ad-Hoc|iPhone.Build.0 = Release|Any CPU
		{AC1AAAE1-1A4C-420C-96B8-994170131363}.Ad-Hoc|iPhone.Deploy.0 = Release|Any CPU
		{AC1AAAE1-1A4C-420C-96B8-994170131363}.Ad-Hoc|iPhoneSimulator.ActiveCfg = Release|Any CPU
		{AC1AAAE1-1A4C-420C-96B8-994170131363}.Ad-Hoc|iPhoneSimulator.Build.0 = Release|Any CPU
		{AC1AAAE1-1A4C-420C-96B8-994170131363}.Ad-Hoc|iPhoneSimulator.Deploy.0 = Release|Any CPU
		{AC1AAAE1-1A4C-420C-96B8-994170131363}.Ad-Hoc|x64.ActiveCfg = Release|Any CPU
		{AC1AAAE1-1A4C-420C-96B8-994170131363}.Ad-Hoc|x64.Build.0 = Release|Any CPU
		{AC1AAAE1-1A4C-420C-96B8-994170131363}.Ad-Hoc|x64.Deploy.0 = Release|Any CPU
		{AC1AAAE1-1A4C-420C-96B8-994170131363}.Ad-Hoc|x86.ActiveCfg = Release|Any CPU
		{AC1AAAE1-1A4C-420C-96B8-994170131363}.Ad-Hoc|x86.Build.0 = Release|Any CPU
		{AC1AAAE1-1A4C-420C-96B8-994170131363}.Ad-Hoc|x86.Deploy.0 = Release|Any CPU
		{AC1AAAE1-1A4C-420C-96B8-994170131363}.AppStore|Any CPU.ActiveCfg = Release|Any CPU
		{AC1AAAE1-1A4C-420C-96B8-994170131363}.AppStore|Any CPU.Build.0 = Release|Any CPU
		{AC1AAAE1-1A4C-420C-96B8-994170131363}.AppStore|Any CPU.Deploy.0 = Release|Any CPU
		{AC1AAAE1-1A4C-420C-96B8-994170131363}.AppStore|ARM.ActiveCfg = Release|Any CPU
		{AC1AAAE1-1A4C-420C-96B8-994170131363}.AppStore|ARM.Build.0 = Release|Any CPU
		{AC1AAAE1-1A4C-420C-96B8-994170131363}.AppStore|ARM.Deploy.0 = Release|Any CPU
		{AC1AAAE1-1A4C-420C-96B8-994170131363}.AppStore|iPhone.ActiveCfg = Release|Any CPU
		{AC1AAAE1-1A4C-420C-96B8-994170131363}.AppStore|iPhone.Build.0 = Release|Any CPU
		{AC1AAAE1-1A4C-420C-96B8-994170131363}.AppStore|iPhone.Deploy.0 = Release|Any CPU
		{AC1AAAE1-1A4C-420C-96B8-994170131363}.AppStore|iPhoneSimulator.ActiveCfg = Release|Any CPU
		{AC1AAAE1-1A4C-420C-96B8-994170131363}.AppStore|iPhoneSimulator.Build.0 = Release|Any CPU
		{AC1AAAE1-1A4C-420C-96B8-994170131363}.AppStore|iPhoneSimulator.Deploy.0 = Release|Any CPU
		{AC1AAAE1-1A4C-420C-96B8-994170131363}.AppStore|x64.ActiveCfg = Release|Any CPU
		{AC1AAAE1-1A4C-420C-96B8-994170131363}.AppStore|x64.Build.0 = Release|Any CPU
		{AC1AAAE1-1A4C-420C-96B8-994170131363}.AppStore|x64.Deploy.0 = Release|Any CPU
		{AC1AAAE1-1A4C-420C-96B8-994170131363}.AppStore|x86.ActiveCfg = Release|Any CPU
		{AC1AAAE1-1A4C-420C-96B8-994170131363}.AppStore|x86.Build.0 = Release|Any CPU
		{AC1AAAE1-1A4C-420C-96B8-994170131363}.AppStore|x86.Deploy.0 = Release|Any CPU
		{AC1AAAE1-1A4C-420C-96B8-994170131363}.Debug|Any CPU.ActiveCfg = Debug|Any CPU
		{AC1AAAE1-1A4C-420C-96B8-994170131363}.Debug|Any CPU.Build.0 = Debug|Any CPU
		{AC1AAAE1-1A4C-420C-96B8-994170131363}.Debug|Any CPU.Deploy.0 = Debug|Any CPU
		{AC1AAAE1-1A4C-420C-96B8-994170131363}.Debug|ARM.ActiveCfg = Debug|Any CPU
		{AC1AAAE1-1A4C-420C-96B8-994170131363}.Debug|ARM.Build.0 = Debug|Any CPU
		{AC1AAAE1-1A4C-420C-96B8-994170131363}.Debug|ARM.Deploy.0 = Debug|Any CPU
		{AC1AAAE1-1A4C-420C-96B8-994170131363}.Debug|iPhone.ActiveCfg = Debug|Any CPU
		{AC1AAAE1-1A4C-420C-96B8-994170131363}.Debug|iPhone.Build.0 = Debug|Any CPU
		{AC1AAAE1-1A4C-420C-96B8-994170131363}.Debug|iPhone.Deploy.0 = Debug|Any CPU
		{AC1AAAE1-1A4C-420C-96B8-994170131363}.Debug|iPhoneSimulator.ActiveCfg = Debug|Any CPU
		{AC1AAAE1-1A4C-420C-96B8-994170131363}.Debug|iPhoneSimulator.Build.0 = Debug|Any CPU
		{AC1AAAE1-1A4C-420C-96B8-994170131363}.Debug|iPhoneSimulator.Deploy.0 = Debug|Any CPU
		{AC1AAAE1-1A4C-420C-96B8-994170131363}.Debug|x64.ActiveCfg = Debug|Any CPU
		{AC1AAAE1-1A4C-420C-96B8-994170131363}.Debug|x64.Build.0 = Debug|Any CPU
		{AC1AAAE1-1A4C-420C-96B8-994170131363}.Debug|x64.Deploy.0 = Debug|Any CPU
		{AC1AAAE1-1A4C-420C-96B8-994170131363}.Debug|x86.ActiveCfg = Debug|Any CPU
		{AC1AAAE1-1A4C-420C-96B8-994170131363}.Debug|x86.Build.0 = Debug|Any CPU
		{AC1AAAE1-1A4C-420C-96B8-994170131363}.Debug|x86.Deploy.0 = Debug|Any CPU
		{AC1AAAE1-1A4C-420C-96B8-994170131363}.Release|Any CPU.ActiveCfg = Release|Any CPU
		{AC1AAAE1-1A4C-420C-96B8-994170131363}.Release|Any CPU.Build.0 = Release|Any CPU
		{AC1AAAE1-1A4C-420C-96B8-994170131363}.Release|Any CPU.Deploy.0 = Release|Any CPU
		{AC1AAAE1-1A4C-420C-96B8-994170131363}.Release|ARM.ActiveCfg = Release|Any CPU
		{AC1AAAE1-1A4C-420C-96B8-994170131363}.Release|ARM.Build.0 = Release|Any CPU
		{AC1AAAE1-1A4C-420C-96B8-994170131363}.Release|ARM.Deploy.0 = Release|Any CPU
		{AC1AAAE1-1A4C-420C-96B8-994170131363}.Release|iPhone.ActiveCfg = Release|Any CPU
		{AC1AAAE1-1A4C-420C-96B8-994170131363}.Release|iPhone.Build.0 = Release|Any CPU
		{AC1AAAE1-1A4C-420C-96B8-994170131363}.Release|iPhone.Deploy.0 = Release|Any CPU
		{AC1AAAE1-1A4C-420C-96B8-994170131363}.Release|iPhoneSimulator.ActiveCfg = Release|Any CPU
		{AC1AAAE1-1A4C-420C-96B8-994170131363}.Release|iPhoneSimulator.Build.0 = Release|Any CPU
		{AC1AAAE1-1A4C-420C-96B8-994170131363}.Release|iPhoneSimulator.Deploy.0 = Release|Any CPU
		{AC1AAAE1-1A4C-420C-96B8-994170131363}.Release|x64.ActiveCfg = Release|Any CPU
		{AC1AAAE1-1A4C-420C-96B8-994170131363}.Release|x64.Build.0 = Release|Any CPU
		{AC1AAAE1-1A4C-420C-96B8-994170131363}.Release|x64.Deploy.0 = Release|Any CPU
		{AC1AAAE1-1A4C-420C-96B8-994170131363}.Release|x86.ActiveCfg = Release|Any CPU
		{AC1AAAE1-1A4C-420C-96B8-994170131363}.Release|x86.Build.0 = Release|Any CPU
		{AC1AAAE1-1A4C-420C-96B8-994170131363}.Release|x86.Deploy.0 = Release|Any CPU
		{D1EB545F-1005-4D89-9AF2-60FB8B6B6E5C}.Ad-Hoc|Any CPU.ActiveCfg = Ad-Hoc|iPhone
		{D1EB545F-1005-4D89-9AF2-60FB8B6B6E5C}.Ad-Hoc|ARM.ActiveCfg = Ad-Hoc|iPhone
		{D1EB545F-1005-4D89-9AF2-60FB8B6B6E5C}.Ad-Hoc|iPhone.ActiveCfg = Ad-Hoc|iPhone
		{D1EB545F-1005-4D89-9AF2-60FB8B6B6E5C}.Ad-Hoc|iPhone.Build.0 = Ad-Hoc|iPhone
		{D1EB545F-1005-4D89-9AF2-60FB8B6B6E5C}.Ad-Hoc|iPhoneSimulator.ActiveCfg = Ad-Hoc|iPhoneSimulator
		{D1EB545F-1005-4D89-9AF2-60FB8B6B6E5C}.Ad-Hoc|iPhoneSimulator.Build.0 = Ad-Hoc|iPhoneSimulator
		{D1EB545F-1005-4D89-9AF2-60FB8B6B6E5C}.Ad-Hoc|x64.ActiveCfg = Ad-Hoc|iPhone
		{D1EB545F-1005-4D89-9AF2-60FB8B6B6E5C}.Ad-Hoc|x86.ActiveCfg = Ad-Hoc|iPhone
		{D1EB545F-1005-4D89-9AF2-60FB8B6B6E5C}.AppStore|Any CPU.ActiveCfg = AppStore|iPhone
		{D1EB545F-1005-4D89-9AF2-60FB8B6B6E5C}.AppStore|ARM.ActiveCfg = AppStore|iPhone
		{D1EB545F-1005-4D89-9AF2-60FB8B6B6E5C}.AppStore|iPhone.ActiveCfg = AppStore|iPhone
		{D1EB545F-1005-4D89-9AF2-60FB8B6B6E5C}.AppStore|iPhone.Build.0 = AppStore|iPhone
		{D1EB545F-1005-4D89-9AF2-60FB8B6B6E5C}.AppStore|iPhoneSimulator.ActiveCfg = AppStore|iPhoneSimulator
		{D1EB545F-1005-4D89-9AF2-60FB8B6B6E5C}.AppStore|iPhoneSimulator.Build.0 = AppStore|iPhoneSimulator
		{D1EB545F-1005-4D89-9AF2-60FB8B6B6E5C}.AppStore|x64.ActiveCfg = AppStore|iPhone
		{D1EB545F-1005-4D89-9AF2-60FB8B6B6E5C}.AppStore|x86.ActiveCfg = AppStore|iPhone
		{D1EB545F-1005-4D89-9AF2-60FB8B6B6E5C}.Debug|Any CPU.ActiveCfg = Debug|iPhone
		{D1EB545F-1005-4D89-9AF2-60FB8B6B6E5C}.Debug|ARM.ActiveCfg = Debug|iPhone
		{D1EB545F-1005-4D89-9AF2-60FB8B6B6E5C}.Debug|iPhone.ActiveCfg = Debug|iPhone
		{D1EB545F-1005-4D89-9AF2-60FB8B6B6E5C}.Debug|iPhone.Build.0 = Debug|iPhone
		{D1EB545F-1005-4D89-9AF2-60FB8B6B6E5C}.Debug|iPhoneSimulator.ActiveCfg = Debug|iPhoneSimulator
		{D1EB545F-1005-4D89-9AF2-60FB8B6B6E5C}.Debug|iPhoneSimulator.Build.0 = Debug|iPhoneSimulator
		{D1EB545F-1005-4D89-9AF2-60FB8B6B6E5C}.Debug|x64.ActiveCfg = Debug|iPhone
		{D1EB545F-1005-4D89-9AF2-60FB8B6B6E5C}.Debug|x86.ActiveCfg = Debug|iPhone
		{D1EB545F-1005-4D89-9AF2-60FB8B6B6E5C}.Release|Any CPU.ActiveCfg = Release|iPhone
		{D1EB545F-1005-4D89-9AF2-60FB8B6B6E5C}.Release|ARM.ActiveCfg = Release|iPhone
		{D1EB545F-1005-4D89-9AF2-60FB8B6B6E5C}.Release|iPhone.ActiveCfg = Release|iPhone
		{D1EB545F-1005-4D89-9AF2-60FB8B6B6E5C}.Release|iPhone.Build.0 = Release|iPhone
		{D1EB545F-1005-4D89-9AF2-60FB8B6B6E5C}.Release|iPhoneSimulator.ActiveCfg = Release|iPhoneSimulator
		{D1EB545F-1005-4D89-9AF2-60FB8B6B6E5C}.Release|iPhoneSimulator.Build.0 = Release|iPhoneSimulator
		{D1EB545F-1005-4D89-9AF2-60FB8B6B6E5C}.Release|x64.ActiveCfg = Release|iPhone
		{D1EB545F-1005-4D89-9AF2-60FB8B6B6E5C}.Release|x86.ActiveCfg = Release|iPhone
		{9F693C61-3CB0-427D-9B53-D6E963CC2485}.Ad-Hoc|Any CPU.ActiveCfg = Release|Any CPU
		{9F693C61-3CB0-427D-9B53-D6E963CC2485}.Ad-Hoc|Any CPU.Build.0 = Release|Any CPU
		{9F693C61-3CB0-427D-9B53-D6E963CC2485}.Ad-Hoc|Any CPU.Deploy.0 = Release|Any CPU
		{9F693C61-3CB0-427D-9B53-D6E963CC2485}.Ad-Hoc|ARM.ActiveCfg = Release|ARM
		{9F693C61-3CB0-427D-9B53-D6E963CC2485}.Ad-Hoc|ARM.Build.0 = Release|ARM
		{9F693C61-3CB0-427D-9B53-D6E963CC2485}.Ad-Hoc|ARM.Deploy.0 = Release|ARM
		{9F693C61-3CB0-427D-9B53-D6E963CC2485}.Ad-Hoc|iPhone.ActiveCfg = Release|Any CPU
		{9F693C61-3CB0-427D-9B53-D6E963CC2485}.Ad-Hoc|iPhone.Build.0 = Release|Any CPU
		{9F693C61-3CB0-427D-9B53-D6E963CC2485}.Ad-Hoc|iPhone.Deploy.0 = Release|Any CPU
		{9F693C61-3CB0-427D-9B53-D6E963CC2485}.Ad-Hoc|iPhoneSimulator.ActiveCfg = Release|Any CPU
		{9F693C61-3CB0-427D-9B53-D6E963CC2485}.Ad-Hoc|iPhoneSimulator.Build.0 = Release|Any CPU
		{9F693C61-3CB0-427D-9B53-D6E963CC2485}.Ad-Hoc|iPhoneSimulator.Deploy.0 = Release|Any CPU
		{9F693C61-3CB0-427D-9B53-D6E963CC2485}.Ad-Hoc|x64.ActiveCfg = Release|Any CPU
		{9F693C61-3CB0-427D-9B53-D6E963CC2485}.Ad-Hoc|x64.Build.0 = Release|Any CPU
		{9F693C61-3CB0-427D-9B53-D6E963CC2485}.Ad-Hoc|x64.Deploy.0 = Release|Any CPU
		{9F693C61-3CB0-427D-9B53-D6E963CC2485}.Ad-Hoc|x86.ActiveCfg = Release|x86
		{9F693C61-3CB0-427D-9B53-D6E963CC2485}.Ad-Hoc|x86.Build.0 = Release|x86
		{9F693C61-3CB0-427D-9B53-D6E963CC2485}.Ad-Hoc|x86.Deploy.0 = Release|x86
		{9F693C61-3CB0-427D-9B53-D6E963CC2485}.AppStore|Any CPU.ActiveCfg = Release|Any CPU
		{9F693C61-3CB0-427D-9B53-D6E963CC2485}.AppStore|Any CPU.Build.0 = Release|Any CPU
		{9F693C61-3CB0-427D-9B53-D6E963CC2485}.AppStore|Any CPU.Deploy.0 = Release|Any CPU
		{9F693C61-3CB0-427D-9B53-D6E963CC2485}.AppStore|ARM.ActiveCfg = Release|ARM
		{9F693C61-3CB0-427D-9B53-D6E963CC2485}.AppStore|ARM.Build.0 = Release|ARM
		{9F693C61-3CB0-427D-9B53-D6E963CC2485}.AppStore|ARM.Deploy.0 = Release|ARM
		{9F693C61-3CB0-427D-9B53-D6E963CC2485}.AppStore|iPhone.ActiveCfg = Release|Any CPU
		{9F693C61-3CB0-427D-9B53-D6E963CC2485}.AppStore|iPhone.Build.0 = Release|Any CPU
		{9F693C61-3CB0-427D-9B53-D6E963CC2485}.AppStore|iPhone.Deploy.0 = Release|Any CPU
		{9F693C61-3CB0-427D-9B53-D6E963CC2485}.AppStore|iPhoneSimulator.ActiveCfg = Release|Any CPU
		{9F693C61-3CB0-427D-9B53-D6E963CC2485}.AppStore|iPhoneSimulator.Build.0 = Release|Any CPU
		{9F693C61-3CB0-427D-9B53-D6E963CC2485}.AppStore|iPhoneSimulator.Deploy.0 = Release|Any CPU
		{9F693C61-3CB0-427D-9B53-D6E963CC2485}.AppStore|x64.ActiveCfg = Release|Any CPU
		{9F693C61-3CB0-427D-9B53-D6E963CC2485}.AppStore|x64.Build.0 = Release|Any CPU
		{9F693C61-3CB0-427D-9B53-D6E963CC2485}.AppStore|x64.Deploy.0 = Release|Any CPU
		{9F693C61-3CB0-427D-9B53-D6E963CC2485}.AppStore|x86.ActiveCfg = Release|x86
		{9F693C61-3CB0-427D-9B53-D6E963CC2485}.AppStore|x86.Build.0 = Release|x86
		{9F693C61-3CB0-427D-9B53-D6E963CC2485}.AppStore|x86.Deploy.0 = Release|x86
		{9F693C61-3CB0-427D-9B53-D6E963CC2485}.Debug|Any CPU.ActiveCfg = Debug|Any CPU
		{9F693C61-3CB0-427D-9B53-D6E963CC2485}.Debug|Any CPU.Build.0 = Debug|Any CPU
		{9F693C61-3CB0-427D-9B53-D6E963CC2485}.Debug|Any CPU.Deploy.0 = Debug|Any CPU
		{9F693C61-3CB0-427D-9B53-D6E963CC2485}.Debug|ARM.ActiveCfg = Debug|ARM
		{9F693C61-3CB0-427D-9B53-D6E963CC2485}.Debug|ARM.Build.0 = Debug|ARM
		{9F693C61-3CB0-427D-9B53-D6E963CC2485}.Debug|ARM.Deploy.0 = Debug|ARM
		{9F693C61-3CB0-427D-9B53-D6E963CC2485}.Debug|iPhone.ActiveCfg = Debug|Any CPU
		{9F693C61-3CB0-427D-9B53-D6E963CC2485}.Debug|iPhone.Build.0 = Debug|Any CPU
		{9F693C61-3CB0-427D-9B53-D6E963CC2485}.Debug|iPhone.Deploy.0 = Debug|Any CPU
		{9F693C61-3CB0-427D-9B53-D6E963CC2485}.Debug|iPhoneSimulator.ActiveCfg = Debug|Any CPU
		{9F693C61-3CB0-427D-9B53-D6E963CC2485}.Debug|iPhoneSimulator.Build.0 = Debug|Any CPU
		{9F693C61-3CB0-427D-9B53-D6E963CC2485}.Debug|iPhoneSimulator.Deploy.0 = Debug|Any CPU
		{9F693C61-3CB0-427D-9B53-D6E963CC2485}.Debug|x64.ActiveCfg = Debug|Any CPU
		{9F693C61-3CB0-427D-9B53-D6E963CC2485}.Debug|x64.Build.0 = Debug|Any CPU
		{9F693C61-3CB0-427D-9B53-D6E963CC2485}.Debug|x64.Deploy.0 = Debug|Any CPU
		{9F693C61-3CB0-427D-9B53-D6E963CC2485}.Debug|x86.ActiveCfg = Debug|x86
		{9F693C61-3CB0-427D-9B53-D6E963CC2485}.Debug|x86.Build.0 = Debug|x86
		{9F693C61-3CB0-427D-9B53-D6E963CC2485}.Debug|x86.Deploy.0 = Debug|x86
		{9F693C61-3CB0-427D-9B53-D6E963CC2485}.Release|Any CPU.ActiveCfg = Release|Any CPU
		{9F693C61-3CB0-427D-9B53-D6E963CC2485}.Release|Any CPU.Build.0 = Release|Any CPU
		{9F693C61-3CB0-427D-9B53-D6E963CC2485}.Release|Any CPU.Deploy.0 = Release|Any CPU
		{9F693C61-3CB0-427D-9B53-D6E963CC2485}.Release|ARM.ActiveCfg = Release|ARM
		{9F693C61-3CB0-427D-9B53-D6E963CC2485}.Release|ARM.Build.0 = Release|ARM
		{9F693C61-3CB0-427D-9B53-D6E963CC2485}.Release|ARM.Deploy.0 = Release|ARM
		{9F693C61-3CB0-427D-9B53-D6E963CC2485}.Release|iPhone.ActiveCfg = Release|Any CPU
		{9F693C61-3CB0-427D-9B53-D6E963CC2485}.Release|iPhone.Build.0 = Release|Any CPU
		{9F693C61-3CB0-427D-9B53-D6E963CC2485}.Release|iPhone.Deploy.0 = Release|Any CPU
		{9F693C61-3CB0-427D-9B53-D6E963CC2485}.Release|iPhoneSimulator.ActiveCfg = Release|Any CPU
		{9F693C61-3CB0-427D-9B53-D6E963CC2485}.Release|iPhoneSimulator.Build.0 = Release|Any CPU
		{9F693C61-3CB0-427D-9B53-D6E963CC2485}.Release|iPhoneSimulator.Deploy.0 = Release|Any CPU
		{9F693C61-3CB0-427D-9B53-D6E963CC2485}.Release|x64.ActiveCfg = Release|Any CPU
		{9F693C61-3CB0-427D-9B53-D6E963CC2485}.Release|x64.Build.0 = Release|Any CPU
		{9F693C61-3CB0-427D-9B53-D6E963CC2485}.Release|x64.Deploy.0 = Release|Any CPU
		{9F693C61-3CB0-427D-9B53-D6E963CC2485}.Release|x86.ActiveCfg = Release|x86
		{9F693C61-3CB0-427D-9B53-D6E963CC2485}.Release|x86.Build.0 = Release|x86
		{9F693C61-3CB0-427D-9B53-D6E963CC2485}.Release|x86.Deploy.0 = Release|x86
		{987DBBF2-EA72-4658-B778-725F60257A57}.Ad-Hoc|Any CPU.ActiveCfg = Release|x86
		{987DBBF2-EA72-4658-B778-725F60257A57}.Ad-Hoc|Any CPU.Build.0 = Release|x86
		{987DBBF2-EA72-4658-B778-725F60257A57}.Ad-Hoc|Any CPU.Deploy.0 = Release|x86
		{987DBBF2-EA72-4658-B778-725F60257A57}.Ad-Hoc|ARM.ActiveCfg = Release|ARM
		{987DBBF2-EA72-4658-B778-725F60257A57}.Ad-Hoc|ARM.Build.0 = Release|ARM
		{987DBBF2-EA72-4658-B778-725F60257A57}.Ad-Hoc|ARM.Deploy.0 = Release|ARM
		{987DBBF2-EA72-4658-B778-725F60257A57}.Ad-Hoc|iPhone.ActiveCfg = Release|x86
		{987DBBF2-EA72-4658-B778-725F60257A57}.Ad-Hoc|iPhone.Build.0 = Release|x86
		{987DBBF2-EA72-4658-B778-725F60257A57}.Ad-Hoc|iPhone.Deploy.0 = Release|x86
		{987DBBF2-EA72-4658-B778-725F60257A57}.Ad-Hoc|iPhoneSimulator.ActiveCfg = Release|x86
		{987DBBF2-EA72-4658-B778-725F60257A57}.Ad-Hoc|iPhoneSimulator.Build.0 = Release|x86
		{987DBBF2-EA72-4658-B778-725F60257A57}.Ad-Hoc|iPhoneSimulator.Deploy.0 = Release|x86
		{987DBBF2-EA72-4658-B778-725F60257A57}.Ad-Hoc|x64.ActiveCfg = Release|x64
		{987DBBF2-EA72-4658-B778-725F60257A57}.Ad-Hoc|x64.Build.0 = Release|x64
		{987DBBF2-EA72-4658-B778-725F60257A57}.Ad-Hoc|x64.Deploy.0 = Release|x64
		{987DBBF2-EA72-4658-B778-725F60257A57}.Ad-Hoc|x86.ActiveCfg = Release|x86
		{987DBBF2-EA72-4658-B778-725F60257A57}.Ad-Hoc|x86.Build.0 = Release|x86
		{987DBBF2-EA72-4658-B778-725F60257A57}.Ad-Hoc|x86.Deploy.0 = Release|x86
		{987DBBF2-EA72-4658-B778-725F60257A57}.AppStore|Any CPU.ActiveCfg = Release|x86
		{987DBBF2-EA72-4658-B778-725F60257A57}.AppStore|Any CPU.Build.0 = Release|x86
		{987DBBF2-EA72-4658-B778-725F60257A57}.AppStore|Any CPU.Deploy.0 = Release|x86
		{987DBBF2-EA72-4658-B778-725F60257A57}.AppStore|ARM.ActiveCfg = Release|ARM
		{987DBBF2-EA72-4658-B778-725F60257A57}.AppStore|ARM.Build.0 = Release|ARM
		{987DBBF2-EA72-4658-B778-725F60257A57}.AppStore|ARM.Deploy.0 = Release|ARM
		{987DBBF2-EA72-4658-B778-725F60257A57}.AppStore|iPhone.ActiveCfg = Release|x86
		{987DBBF2-EA72-4658-B778-725F60257A57}.AppStore|iPhone.Build.0 = Release|x86
		{987DBBF2-EA72-4658-B778-725F60257A57}.AppStore|iPhone.Deploy.0 = Release|x86
		{987DBBF2-EA72-4658-B778-725F60257A57}.AppStore|iPhoneSimulator.ActiveCfg = Release|x86
		{987DBBF2-EA72-4658-B778-725F60257A57}.AppStore|iPhoneSimulator.Build.0 = Release|x86
		{987DBBF2-EA72-4658-B778-725F60257A57}.AppStore|iPhoneSimulator.Deploy.0 = Release|x86
		{987DBBF2-EA72-4658-B778-725F60257A57}.AppStore|x64.ActiveCfg = Release|x64
		{987DBBF2-EA72-4658-B778-725F60257A57}.AppStore|x64.Build.0 = Release|x64
		{987DBBF2-EA72-4658-B778-725F60257A57}.AppStore|x64.Deploy.0 = Release|x64
		{987DBBF2-EA72-4658-B778-725F60257A57}.AppStore|x86.ActiveCfg = Release|x86
		{987DBBF2-EA72-4658-B778-725F60257A57}.AppStore|x86.Build.0 = Release|x86
		{987DBBF2-EA72-4658-B778-725F60257A57}.AppStore|x86.Deploy.0 = Release|x86
		{987DBBF2-EA72-4658-B778-725F60257A57}.Debug|Any CPU.ActiveCfg = Debug|x86
		{987DBBF2-EA72-4658-B778-725F60257A57}.Debug|ARM.ActiveCfg = Debug|ARM
		{987DBBF2-EA72-4658-B778-725F60257A57}.Debug|ARM.Build.0 = Debug|ARM
		{987DBBF2-EA72-4658-B778-725F60257A57}.Debug|ARM.Deploy.0 = Debug|ARM
		{987DBBF2-EA72-4658-B778-725F60257A57}.Debug|iPhone.ActiveCfg = Debug|x86
		{987DBBF2-EA72-4658-B778-725F60257A57}.Debug|iPhoneSimulator.ActiveCfg = Debug|x86
		{987DBBF2-EA72-4658-B778-725F60257A57}.Debug|x64.ActiveCfg = Debug|x64
		{987DBBF2-EA72-4658-B778-725F60257A57}.Debug|x64.Build.0 = Debug|x64
		{987DBBF2-EA72-4658-B778-725F60257A57}.Debug|x64.Deploy.0 = Debug|x64
		{987DBBF2-EA72-4658-B778-725F60257A57}.Debug|x86.ActiveCfg = Debug|x86
		{987DBBF2-EA72-4658-B778-725F60257A57}.Debug|x86.Build.0 = Debug|x86
		{987DBBF2-EA72-4658-B778-725F60257A57}.Debug|x86.Deploy.0 = Debug|x86
		{987DBBF2-EA72-4658-B778-725F60257A57}.Release|Any CPU.ActiveCfg = Release|x86
		{987DBBF2-EA72-4658-B778-725F60257A57}.Release|ARM.ActiveCfg = Release|ARM
		{987DBBF2-EA72-4658-B778-725F60257A57}.Release|ARM.Build.0 = Release|ARM
		{987DBBF2-EA72-4658-B778-725F60257A57}.Release|ARM.Deploy.0 = Release|ARM
		{987DBBF2-EA72-4658-B778-725F60257A57}.Release|iPhone.ActiveCfg = Release|x86
		{987DBBF2-EA72-4658-B778-725F60257A57}.Release|iPhoneSimulator.ActiveCfg = Release|x86
		{987DBBF2-EA72-4658-B778-725F60257A57}.Release|x64.ActiveCfg = Release|x64
		{987DBBF2-EA72-4658-B778-725F60257A57}.Release|x64.Build.0 = Release|x64
		{987DBBF2-EA72-4658-B778-725F60257A57}.Release|x64.Deploy.0 = Release|x64
		{987DBBF2-EA72-4658-B778-725F60257A57}.Release|x86.ActiveCfg = Release|x86
		{987DBBF2-EA72-4658-B778-725F60257A57}.Release|x86.Build.0 = Release|x86
		{987DBBF2-EA72-4658-B778-725F60257A57}.Release|x86.Deploy.0 = Release|x86
		{5E7DF005-2C3B-4A95-A336-82191F87B25B}.Ad-Hoc|Any CPU.ActiveCfg = Release|Any CPU
		{5E7DF005-2C3B-4A95-A336-82191F87B25B}.Ad-Hoc|Any CPU.Build.0 = Release|Any CPU
		{5E7DF005-2C3B-4A95-A336-82191F87B25B}.Ad-Hoc|Any CPU.Deploy.0 = Release|Any CPU
		{5E7DF005-2C3B-4A95-A336-82191F87B25B}.Ad-Hoc|ARM.ActiveCfg = Release|ARM
		{5E7DF005-2C3B-4A95-A336-82191F87B25B}.Ad-Hoc|ARM.Build.0 = Release|ARM
		{5E7DF005-2C3B-4A95-A336-82191F87B25B}.Ad-Hoc|ARM.Deploy.0 = Release|ARM
		{5E7DF005-2C3B-4A95-A336-82191F87B25B}.Ad-Hoc|iPhone.ActiveCfg = Release|Any CPU
		{5E7DF005-2C3B-4A95-A336-82191F87B25B}.Ad-Hoc|iPhone.Build.0 = Release|Any CPU
		{5E7DF005-2C3B-4A95-A336-82191F87B25B}.Ad-Hoc|iPhone.Deploy.0 = Release|Any CPU
		{5E7DF005-2C3B-4A95-A336-82191F87B25B}.Ad-Hoc|iPhoneSimulator.ActiveCfg = Release|Any CPU
		{5E7DF005-2C3B-4A95-A336-82191F87B25B}.Ad-Hoc|iPhoneSimulator.Build.0 = Release|Any CPU
		{5E7DF005-2C3B-4A95-A336-82191F87B25B}.Ad-Hoc|iPhoneSimulator.Deploy.0 = Release|Any CPU
		{5E7DF005-2C3B-4A95-A336-82191F87B25B}.Ad-Hoc|x64.ActiveCfg = Release|x64
		{5E7DF005-2C3B-4A95-A336-82191F87B25B}.Ad-Hoc|x64.Build.0 = Release|x64
		{5E7DF005-2C3B-4A95-A336-82191F87B25B}.Ad-Hoc|x64.Deploy.0 = Release|x64
		{5E7DF005-2C3B-4A95-A336-82191F87B25B}.Ad-Hoc|x86.ActiveCfg = Release|x86
		{5E7DF005-2C3B-4A95-A336-82191F87B25B}.Ad-Hoc|x86.Build.0 = Release|x86
		{5E7DF005-2C3B-4A95-A336-82191F87B25B}.Ad-Hoc|x86.Deploy.0 = Release|x86
		{5E7DF005-2C3B-4A95-A336-82191F87B25B}.AppStore|Any CPU.ActiveCfg = Release|Any CPU
		{5E7DF005-2C3B-4A95-A336-82191F87B25B}.AppStore|Any CPU.Build.0 = Release|Any CPU
		{5E7DF005-2C3B-4A95-A336-82191F87B25B}.AppStore|Any CPU.Deploy.0 = Release|Any CPU
		{5E7DF005-2C3B-4A95-A336-82191F87B25B}.AppStore|ARM.ActiveCfg = Release|ARM
		{5E7DF005-2C3B-4A95-A336-82191F87B25B}.AppStore|ARM.Build.0 = Release|ARM
		{5E7DF005-2C3B-4A95-A336-82191F87B25B}.AppStore|ARM.Deploy.0 = Release|ARM
		{5E7DF005-2C3B-4A95-A336-82191F87B25B}.AppStore|iPhone.ActiveCfg = Release|Any CPU
		{5E7DF005-2C3B-4A95-A336-82191F87B25B}.AppStore|iPhone.Build.0 = Release|Any CPU
		{5E7DF005-2C3B-4A95-A336-82191F87B25B}.AppStore|iPhone.Deploy.0 = Release|Any CPU
		{5E7DF005-2C3B-4A95-A336-82191F87B25B}.AppStore|iPhoneSimulator.ActiveCfg = Release|Any CPU
		{5E7DF005-2C3B-4A95-A336-82191F87B25B}.AppStore|iPhoneSimulator.Build.0 = Release|Any CPU
		{5E7DF005-2C3B-4A95-A336-82191F87B25B}.AppStore|iPhoneSimulator.Deploy.0 = Release|Any CPU
		{5E7DF005-2C3B-4A95-A336-82191F87B25B}.AppStore|x64.ActiveCfg = Release|x64
		{5E7DF005-2C3B-4A95-A336-82191F87B25B}.AppStore|x64.Build.0 = Release|x64
		{5E7DF005-2C3B-4A95-A336-82191F87B25B}.AppStore|x64.Deploy.0 = Release|x64
		{5E7DF005-2C3B-4A95-A336-82191F87B25B}.AppStore|x86.ActiveCfg = Release|x86
		{5E7DF005-2C3B-4A95-A336-82191F87B25B}.AppStore|x86.Build.0 = Release|x86
		{5E7DF005-2C3B-4A95-A336-82191F87B25B}.AppStore|x86.Deploy.0 = Release|x86
		{5E7DF005-2C3B-4A95-A336-82191F87B25B}.Debug|Any CPU.ActiveCfg = Debug|Any CPU
		{5E7DF005-2C3B-4A95-A336-82191F87B25B}.Debug|Any CPU.Build.0 = Debug|Any CPU
		{5E7DF005-2C3B-4A95-A336-82191F87B25B}.Debug|Any CPU.Deploy.0 = Debug|Any CPU
		{5E7DF005-2C3B-4A95-A336-82191F87B25B}.Debug|ARM.ActiveCfg = Debug|ARM
		{5E7DF005-2C3B-4A95-A336-82191F87B25B}.Debug|ARM.Build.0 = Debug|ARM
		{5E7DF005-2C3B-4A95-A336-82191F87B25B}.Debug|ARM.Deploy.0 = Debug|ARM
		{5E7DF005-2C3B-4A95-A336-82191F87B25B}.Debug|iPhone.ActiveCfg = Debug|Any CPU
		{5E7DF005-2C3B-4A95-A336-82191F87B25B}.Debug|iPhone.Build.0 = Debug|Any CPU
		{5E7DF005-2C3B-4A95-A336-82191F87B25B}.Debug|iPhone.Deploy.0 = Debug|Any CPU
		{5E7DF005-2C3B-4A95-A336-82191F87B25B}.Debug|iPhoneSimulator.ActiveCfg = Debug|Any CPU
		{5E7DF005-2C3B-4A95-A336-82191F87B25B}.Debug|iPhoneSimulator.Build.0 = Debug|Any CPU
		{5E7DF005-2C3B-4A95-A336-82191F87B25B}.Debug|iPhoneSimulator.Deploy.0 = Debug|Any CPU
		{5E7DF005-2C3B-4A95-A336-82191F87B25B}.Debug|x64.ActiveCfg = Debug|x64
		{5E7DF005-2C3B-4A95-A336-82191F87B25B}.Debug|x64.Build.0 = Debug|x64
		{5E7DF005-2C3B-4A95-A336-82191F87B25B}.Debug|x64.Deploy.0 = Debug|x64
		{5E7DF005-2C3B-4A95-A336-82191F87B25B}.Debug|x86.ActiveCfg = Debug|x86
		{5E7DF005-2C3B-4A95-A336-82191F87B25B}.Debug|x86.Build.0 = Debug|x86
		{5E7DF005-2C3B-4A95-A336-82191F87B25B}.Debug|x86.Deploy.0 = Debug|x86
		{5E7DF005-2C3B-4A95-A336-82191F87B25B}.Release|Any CPU.ActiveCfg = Release|Any CPU
		{5E7DF005-2C3B-4A95-A336-82191F87B25B}.Release|Any CPU.Build.0 = Release|Any CPU
		{5E7DF005-2C3B-4A95-A336-82191F87B25B}.Release|Any CPU.Deploy.0 = Release|Any CPU
		{5E7DF005-2C3B-4A95-A336-82191F87B25B}.Release|ARM.ActiveCfg = Release|ARM
		{5E7DF005-2C3B-4A95-A336-82191F87B25B}.Release|ARM.Build.0 = Release|ARM
		{5E7DF005-2C3B-4A95-A336-82191F87B25B}.Release|ARM.Deploy.0 = Release|ARM
		{5E7DF005-2C3B-4A95-A336-82191F87B25B}.Release|iPhone.ActiveCfg = Release|Any CPU
		{5E7DF005-2C3B-4A95-A336-82191F87B25B}.Release|iPhone.Build.0 = Release|Any CPU
		{5E7DF005-2C3B-4A95-A336-82191F87B25B}.Release|iPhone.Deploy.0 = Release|Any CPU
		{5E7DF005-2C3B-4A95-A336-82191F87B25B}.Release|iPhoneSimulator.ActiveCfg = Release|Any CPU
		{5E7DF005-2C3B-4A95-A336-82191F87B25B}.Release|iPhoneSimulator.Build.0 = Release|Any CPU
		{5E7DF005-2C3B-4A95-A336-82191F87B25B}.Release|iPhoneSimulator.Deploy.0 = Release|Any CPU
		{5E7DF005-2C3B-4A95-A336-82191F87B25B}.Release|x64.ActiveCfg = Release|x64
		{5E7DF005-2C3B-4A95-A336-82191F87B25B}.Release|x64.Build.0 = Release|x64
		{5E7DF005-2C3B-4A95-A336-82191F87B25B}.Release|x64.Deploy.0 = Release|x64
		{5E7DF005-2C3B-4A95-A336-82191F87B25B}.Release|x86.ActiveCfg = Release|x86
		{5E7DF005-2C3B-4A95-A336-82191F87B25B}.Release|x86.Build.0 = Release|x86
		{5E7DF005-2C3B-4A95-A336-82191F87B25B}.Release|x86.Deploy.0 = Release|x86
		{705D5E35-92C8-4D11-BD2D-2220F826EF54}.Ad-Hoc|Any CPU.ActiveCfg = Release|Any CPU
		{705D5E35-92C8-4D11-BD2D-2220F826EF54}.Ad-Hoc|Any CPU.Build.0 = Release|Any CPU
		{705D5E35-92C8-4D11-BD2D-2220F826EF54}.Ad-Hoc|ARM.ActiveCfg = Release|Any CPU
		{705D5E35-92C8-4D11-BD2D-2220F826EF54}.Ad-Hoc|ARM.Build.0 = Release|Any CPU
		{705D5E35-92C8-4D11-BD2D-2220F826EF54}.Ad-Hoc|iPhone.ActiveCfg = Release|Any CPU
		{705D5E35-92C8-4D11-BD2D-2220F826EF54}.Ad-Hoc|iPhone.Build.0 = Release|Any CPU
		{705D5E35-92C8-4D11-BD2D-2220F826EF54}.Ad-Hoc|iPhoneSimulator.ActiveCfg = Release|Any CPU
		{705D5E35-92C8-4D11-BD2D-2220F826EF54}.Ad-Hoc|iPhoneSimulator.Build.0 = Release|Any CPU
		{705D5E35-92C8-4D11-BD2D-2220F826EF54}.Ad-Hoc|x64.ActiveCfg = Release|Any CPU
		{705D5E35-92C8-4D11-BD2D-2220F826EF54}.Ad-Hoc|x64.Build.0 = Release|Any CPU
		{705D5E35-92C8-4D11-BD2D-2220F826EF54}.Ad-Hoc|x86.ActiveCfg = Release|Any CPU
		{705D5E35-92C8-4D11-BD2D-2220F826EF54}.Ad-Hoc|x86.Build.0 = Release|Any CPU
		{705D5E35-92C8-4D11-BD2D-2220F826EF54}.AppStore|Any CPU.ActiveCfg = Release|Any CPU
		{705D5E35-92C8-4D11-BD2D-2220F826EF54}.AppStore|Any CPU.Build.0 = Release|Any CPU
		{705D5E35-92C8-4D11-BD2D-2220F826EF54}.AppStore|ARM.ActiveCfg = Release|Any CPU
		{705D5E35-92C8-4D11-BD2D-2220F826EF54}.AppStore|ARM.Build.0 = Release|Any CPU
		{705D5E35-92C8-4D11-BD2D-2220F826EF54}.AppStore|iPhone.ActiveCfg = Release|Any CPU
		{705D5E35-92C8-4D11-BD2D-2220F826EF54}.AppStore|iPhone.Build.0 = Release|Any CPU
		{705D5E35-92C8-4D11-BD2D-2220F826EF54}.AppStore|iPhoneSimulator.ActiveCfg = Release|Any CPU
		{705D5E35-92C8-4D11-BD2D-2220F826EF54}.AppStore|iPhoneSimulator.Build.0 = Release|Any CPU
		{705D5E35-92C8-4D11-BD2D-2220F826EF54}.AppStore|x64.ActiveCfg = Release|Any CPU
		{705D5E35-92C8-4D11-BD2D-2220F826EF54}.AppStore|x64.Build.0 = Release|Any CPU
		{705D5E35-92C8-4D11-BD2D-2220F826EF54}.AppStore|x86.ActiveCfg = Release|Any CPU
		{705D5E35-92C8-4D11-BD2D-2220F826EF54}.AppStore|x86.Build.0 = Release|Any CPU
		{705D5E35-92C8-4D11-BD2D-2220F826EF54}.Debug|Any CPU.ActiveCfg = Debug|Any CPU
		{705D5E35-92C8-4D11-BD2D-2220F826EF54}.Debug|Any CPU.Build.0 = Debug|Any CPU
		{705D5E35-92C8-4D11-BD2D-2220F826EF54}.Debug|ARM.ActiveCfg = Debug|Any CPU
		{705D5E35-92C8-4D11-BD2D-2220F826EF54}.Debug|ARM.Build.0 = Debug|Any CPU
		{705D5E35-92C8-4D11-BD2D-2220F826EF54}.Debug|iPhone.ActiveCfg = Debug|Any CPU
		{705D5E35-92C8-4D11-BD2D-2220F826EF54}.Debug|iPhone.Build.0 = Debug|Any CPU
		{705D5E35-92C8-4D11-BD2D-2220F826EF54}.Debug|iPhoneSimulator.ActiveCfg = Debug|Any CPU
		{705D5E35-92C8-4D11-BD2D-2220F826EF54}.Debug|iPhoneSimulator.Build.0 = Debug|Any CPU
		{705D5E35-92C8-4D11-BD2D-2220F826EF54}.Debug|x64.ActiveCfg = Debug|Any CPU
		{705D5E35-92C8-4D11-BD2D-2220F826EF54}.Debug|x64.Build.0 = Debug|Any CPU
		{705D5E35-92C8-4D11-BD2D-2220F826EF54}.Debug|x86.ActiveCfg = Debug|Any CPU
		{705D5E35-92C8-4D11-BD2D-2220F826EF54}.Debug|x86.Build.0 = Debug|Any CPU
		{705D5E35-92C8-4D11-BD2D-2220F826EF54}.Release|Any CPU.ActiveCfg = Release|Any CPU
		{705D5E35-92C8-4D11-BD2D-2220F826EF54}.Release|Any CPU.Build.0 = Release|Any CPU
		{705D5E35-92C8-4D11-BD2D-2220F826EF54}.Release|ARM.ActiveCfg = Release|Any CPU
		{705D5E35-92C8-4D11-BD2D-2220F826EF54}.Release|ARM.Build.0 = Release|Any CPU
		{705D5E35-92C8-4D11-BD2D-2220F826EF54}.Release|iPhone.ActiveCfg = Release|Any CPU
		{705D5E35-92C8-4D11-BD2D-2220F826EF54}.Release|iPhone.Build.0 = Release|Any CPU
		{705D5E35-92C8-4D11-BD2D-2220F826EF54}.Release|iPhoneSimulator.ActiveCfg = Release|Any CPU
		{705D5E35-92C8-4D11-BD2D-2220F826EF54}.Release|iPhoneSimulator.Build.0 = Release|Any CPU
		{705D5E35-92C8-4D11-BD2D-2220F826EF54}.Release|x64.ActiveCfg = Release|Any CPU
		{705D5E35-92C8-4D11-BD2D-2220F826EF54}.Release|x64.Build.0 = Release|Any CPU
		{705D5E35-92C8-4D11-BD2D-2220F826EF54}.Release|x86.ActiveCfg = Release|Any CPU
		{705D5E35-92C8-4D11-BD2D-2220F826EF54}.Release|x86.Build.0 = Release|Any CPU
	EndGlobalSection
	GlobalSection(SolutionProperties) = preSolution
		HideSolutionNode = FALSE
	EndGlobalSection
EndGlobal
